// !$*UTF8*$!
{
	archiveVersion = 1;
	classes = {
	};
	objectVersion = 56;
	objects = {

/* Begin PBXBuildFile section */
		B30A876B2CB4DA680048EB68 /* conet_libs.h in Headers */ = {isa = PBXBuildFile; fileRef = B30A876A2CB4DA680048EB68 /* conet_libs.h */; settings = {ATTRIBUTES = (Public, ); }; };
		B30A87722CB4DBC90048EB68 /* Conet.swift in Sources */ = {isa = PBXBuildFile; fileRef = B30A87712CB4DBC90048EB68 /* Conet.swift */; };
		B363D14B2CC1445100CD67FB /* ObjectivePGP in Frameworks */ = {isa = PBXBuildFile; productRef = B363D14A2CC1445100CD67FB /* ObjectivePGP */; };
		B363D14D2CC16F6B00CD67FB /* web3-zksync.swift in Frameworks */ = {isa = PBXBuildFile; productRef = B363D14C2CC16F6B00CD67FB /* web3-zksync.swift */; };
		B363D14F2CC16F6B00CD67FB /* web3.swift in Frameworks */ = {isa = PBXBuildFile; productRef = B363D14E2CC16F6B00CD67FB /* web3.swift */; };
		B3C2F5332CBEDDD3000C5D49 /* Atomics in Frameworks */ = {isa = PBXBuildFile; productRef = B3C2F5322CBEDDD3000C5D49 /* Atomics */; };
		B3C2F5352CBEDEA2000C5D49 /* _NIOConcurrency in Frameworks */ = {isa = PBXBuildFile; productRef = B3C2F5342CBEDEA2000C5D49 /* _NIOConcurrency */; };
		B3C2F5372CBEDEA2000C5D49 /* _NIOFileSystem in Frameworks */ = {isa = PBXBuildFile; productRef = B3C2F5362CBEDEA2000C5D49 /* _NIOFileSystem */; };
		B3C2F5392CBEDEA2000C5D49 /* _NIOFileSystemFoundationCompat in Frameworks */ = {isa = PBXBuildFile; productRef = B3C2F5382CBEDEA2000C5D49 /* _NIOFileSystemFoundationCompat */; };
		B3C2F53B2CBEDEA2000C5D49 /* NIO in Frameworks */ = {isa = PBXBuildFile; productRef = B3C2F53A2CBEDEA2000C5D49 /* NIO */; };
		B3C2F53D2CBEDEA2000C5D49 /* NIOConcurrencyHelpers in Frameworks */ = {isa = PBXBuildFile; productRef = B3C2F53C2CBEDEA2000C5D49 /* NIOConcurrencyHelpers */; };
		B3C2F53F2CBEDEA2000C5D49 /* NIOCore in Frameworks */ = {isa = PBXBuildFile; productRef = B3C2F53E2CBEDEA2000C5D49 /* NIOCore */; };
		B3C2F5412CBEDEA2000C5D49 /* NIOEmbedded in Frameworks */ = {isa = PBXBuildFile; productRef = B3C2F5402CBEDEA2000C5D49 /* NIOEmbedded */; };
		B3C2F5432CBEDEA2000C5D49 /* NIOFoundationCompat in Frameworks */ = {isa = PBXBuildFile; productRef = B3C2F5422CBEDEA2000C5D49 /* NIOFoundationCompat */; };
		B3C2F5452CBEDEA2000C5D49 /* NIOHTTP1 in Frameworks */ = {isa = PBXBuildFile; productRef = B3C2F5442CBEDEA2000C5D49 /* NIOHTTP1 */; };
		B3C2F5472CBEDEA3000C5D49 /* NIOPosix in Frameworks */ = {isa = PBXBuildFile; productRef = B3C2F5462CBEDEA3000C5D49 /* NIOPosix */; };
		B3C2F5492CBEDEA3000C5D49 /* NIOTestUtils in Frameworks */ = {isa = PBXBuildFile; productRef = B3C2F5482CBEDEA3000C5D49 /* NIOTestUtils */; };
		B3C2F54B2CBEDEA3000C5D49 /* NIOTLS in Frameworks */ = {isa = PBXBuildFile; productRef = B3C2F54A2CBEDEA3000C5D49 /* NIOTLS */; };
		B3C2F54D2CBEDEA3000C5D49 /* NIOWebSocket in Frameworks */ = {isa = PBXBuildFile; productRef = B3C2F54C2CBEDEA3000C5D49 /* NIOWebSocket */; };
		B3FE76E92CB8318800721D62 /* SwiftProtobuf in Frameworks */ = {isa = PBXBuildFile; productRef = B3FE76E82CB8318800721D62 /* SwiftProtobuf */; };
		B3FE76EB2CB8318800721D62 /* WalletCore in Frameworks */ = {isa = PBXBuildFile; productRef = B3FE76EA2CB8318800721D62 /* WalletCore */; };
/* End PBXBuildFile section */

/* Begin PBXFileReference section */
		B30A87672CB4DA680048EB68 /* conet_libs.framework */ = {isa = PBXFileReference; explicitFileType = wrapper.framework; includeInIndex = 0; path = conet_libs.framework; sourceTree = BUILT_PRODUCTS_DIR; };
		B30A876A2CB4DA680048EB68 /* conet_libs.h */ = {isa = PBXFileReference; lastKnownFileType = sourcecode.c.h; path = conet_libs.h; sourceTree = "<group>"; };
		B30A87712CB4DBC90048EB68 /* Conet.swift */ = {isa = PBXFileReference; lastKnownFileType = sourcecode.swift; path = Conet.swift; sourceTree = "<group>"; };
/* End PBXFileReference section */

/* Begin PBXFrameworksBuildPhase section */
		B30A87642CB4DA680048EB68 /* Frameworks */ = {
			isa = PBXFrameworksBuildPhase;
			buildActionMask = 2147483647;
			files = (
				B3C2F53B2CBEDEA2000C5D49 /* NIO in Frameworks */,
				B3FE76EB2CB8318800721D62 /* WalletCore in Frameworks */,
				B3C2F5432CBEDEA2000C5D49 /* NIOFoundationCompat in Frameworks */,
				B3C2F5492CBEDEA3000C5D49 /* NIOTestUtils in Frameworks */,
				B3C2F5452CBEDEA2000C5D49 /* NIOHTTP1 in Frameworks */,
				B363D14F2CC16F6B00CD67FB /* web3.swift in Frameworks */,
				B3C2F5412CBEDEA2000C5D49 /* NIOEmbedded in Frameworks */,
				B3C2F5332CBEDDD3000C5D49 /* Atomics in Frameworks */,
				B3C2F5392CBEDEA2000C5D49 /* _NIOFileSystemFoundationCompat in Frameworks */,
				B363D14B2CC1445100CD67FB /* ObjectivePGP in Frameworks */,
				B3C2F5352CBEDEA2000C5D49 /* _NIOConcurrency in Frameworks */,
				B363D14D2CC16F6B00CD67FB /* web3-zksync.swift in Frameworks */,
				B3C2F54B2CBEDEA3000C5D49 /* NIOTLS in Frameworks */,
				B3C2F54D2CBEDEA3000C5D49 /* NIOWebSocket in Frameworks */,
				B3C2F5472CBEDEA3000C5D49 /* NIOPosix in Frameworks */,
				B3FE76E92CB8318800721D62 /* SwiftProtobuf in Frameworks */,
				B3C2F5372CBEDEA2000C5D49 /* _NIOFileSystem in Frameworks */,
				B3C2F53F2CBEDEA2000C5D49 /* NIOCore in Frameworks */,
				B3C2F53D2CBEDEA2000C5D49 /* NIOConcurrencyHelpers in Frameworks */,
			);
			runOnlyForDeploymentPostprocessing = 0;
		};
/* End PBXFrameworksBuildPhase section */

/* Begin PBXGroup section */
		B30A875D2CB4DA680048EB68 = {
			isa = PBXGroup;
			children = (
				B30A87692CB4DA680048EB68 /* conet_libs */,
				B30A87682CB4DA680048EB68 /* Products */,
				B3C2F5172CBEDDD2000C5D49 /* Frameworks */,
			);
			sourceTree = "<group>";
		};
		B30A87682CB4DA680048EB68 /* Products */ = {
			isa = PBXGroup;
			children = (
				B30A87672CB4DA680048EB68 /* conet_libs.framework */,
			);
			name = Products;
			sourceTree = "<group>";
		};
		B30A87692CB4DA680048EB68 /* conet_libs */ = {
			isa = PBXGroup;
			children = (
				B30A876A2CB4DA680048EB68 /* conet_libs.h */,
				B30A87712CB4DBC90048EB68 /* Conet.swift */,
			);
			path = conet_libs;
			sourceTree = "<group>";
		};
		B3C2F5172CBEDDD2000C5D49 /* Frameworks */ = {
			isa = PBXGroup;
			children = (
			);
			name = Frameworks;
			sourceTree = "<group>";
		};
/* End PBXGroup section */

/* Begin PBXHeadersBuildPhase section */
		B30A87622CB4DA680048EB68 /* Headers */ = {
			isa = PBXHeadersBuildPhase;
			buildActionMask = 2147483647;
			files = (
				B30A876B2CB4DA680048EB68 /* conet_libs.h in Headers */,
			);
			runOnlyForDeploymentPostprocessing = 0;
		};
/* End PBXHeadersBuildPhase section */

/* Begin PBXNativeTarget section */
		B30A87662CB4DA680048EB68 /* conet_libs */ = {
			isa = PBXNativeTarget;
			buildConfigurationList = B30A876E2CB4DA680048EB68 /* Build configuration list for PBXNativeTarget "conet_libs" */;
			buildPhases = (
				B30A87622CB4DA680048EB68 /* Headers */,
				B30A87632CB4DA680048EB68 /* Sources */,
				B30A87642CB4DA680048EB68 /* Frameworks */,
				B30A87652CB4DA680048EB68 /* Resources */,
			);
			buildRules = (
			);
			dependencies = (
				B3C2F5132CBED9B2000C5D49 /* PBXTargetDependency */,
				B3C2F5112CBED9AF000C5D49 /* PBXTargetDependency */,
			);
			name = conet_libs;
			packageProductDependencies = (
				B3FE76E82CB8318800721D62 /* SwiftProtobuf */,
				B3FE76EA2CB8318800721D62 /* WalletCore */,
				B3C2F5322CBEDDD3000C5D49 /* Atomics */,
				B3C2F5342CBEDEA2000C5D49 /* _NIOConcurrency */,
				B3C2F5362CBEDEA2000C5D49 /* _NIOFileSystem */,
				B3C2F5382CBEDEA2000C5D49 /* _NIOFileSystemFoundationCompat */,
				B3C2F53A2CBEDEA2000C5D49 /* NIO */,
				B3C2F53C2CBEDEA2000C5D49 /* NIOConcurrencyHelpers */,
				B3C2F53E2CBEDEA2000C5D49 /* NIOCore */,
				B3C2F5402CBEDEA2000C5D49 /* NIOEmbedded */,
				B3C2F5422CBEDEA2000C5D49 /* NIOFoundationCompat */,
				B3C2F5442CBEDEA2000C5D49 /* NIOHTTP1 */,
				B3C2F5462CBEDEA3000C5D49 /* NIOPosix */,
				B3C2F5482CBEDEA3000C5D49 /* NIOTestUtils */,
				B3C2F54A2CBEDEA3000C5D49 /* NIOTLS */,
				B3C2F54C2CBEDEA3000C5D49 /* NIOWebSocket */,
				B363D14A2CC1445100CD67FB /* ObjectivePGP */,
				B363D14C2CC16F6B00CD67FB /* web3-zksync.swift */,
				B363D14E2CC16F6B00CD67FB /* web3.swift */,
			);
			productName = conet_libs;
			productReference = B30A87672CB4DA680048EB68 /* conet_libs.framework */;
			productType = "com.apple.product-type.framework";
		};
/* End PBXNativeTarget section */

/* Begin PBXProject section */
		B30A875E2CB4DA680048EB68 /* Project object */ = {
			isa = PBXProject;
			attributes = {
				BuildIndependentTargetsInParallel = 1;
				LastUpgradeCheck = 1540;
				TargetAttributes = {
					B30A87662CB4DA680048EB68 = {
						CreatedOnToolsVersion = 15.4;
						LastSwiftMigration = 1540;
					};
				};
			};
			buildConfigurationList = B30A87612CB4DA680048EB68 /* Build configuration list for PBXProject "conet_libs" */;
			compatibilityVersion = "Xcode 14.0";
			developmentRegion = en;
			hasScannedForEncodings = 0;
			knownRegions = (
				en,
				Base,
			);
			mainGroup = B30A875D2CB4DA680048EB68;
			packageReferences = (
				B37253CE2CB5E10C002E4102 /* XCRemoteSwiftPackageReference "web3.swift" */,
				B37253D72CB5E8CD002E4102 /* XCRemoteSwiftPackageReference "swift-nio" */,
				B37253DE2CB6AE2A002E4102 /* XCRemoteSwiftPackageReference "swift-atomics" */,
				B3FE76E72CB8318800721D62 /* XCRemoteSwiftPackageReference "wallet-core" */,
				B3C2F5142CBEDA99000C5D49 /* XCRemoteSwiftPackageReference "swift-nio-ssl" */,
				B363D1492CC1445100CD67FB /* XCRemoteSwiftPackageReference "ObjectivePGP" */,
			);
			productRefGroup = B30A87682CB4DA680048EB68 /* Products */;
			projectDirPath = "";
			projectRoot = "";
			targets = (
				B30A87662CB4DA680048EB68 /* conet_libs */,
			);
		};
/* End PBXProject section */

/* Begin PBXResourcesBuildPhase section */
		B30A87652CB4DA680048EB68 /* Resources */ = {
			isa = PBXResourcesBuildPhase;
			buildActionMask = 2147483647;
			files = (
			);
			runOnlyForDeploymentPostprocessing = 0;
		};
/* End PBXResourcesBuildPhase section */

/* Begin PBXSourcesBuildPhase section */
		B30A87632CB4DA680048EB68 /* Sources */ = {
			isa = PBXSourcesBuildPhase;
			buildActionMask = 2147483647;
			files = (
				B30A87722CB4DBC90048EB68 /* Conet.swift in Sources */,
			);
			runOnlyForDeploymentPostprocessing = 0;
		};
/* End PBXSourcesBuildPhase section */

/* Begin PBXTargetDependency section */
		B3C2F5112CBED9AF000C5D49 /* PBXTargetDependency */ = {
			isa = PBXTargetDependency;
			productRef = B3C2F5102CBED9AF000C5D49 /* web3.swift */;
		};
		B3C2F5132CBED9B2000C5D49 /* PBXTargetDependency */ = {
			isa = PBXTargetDependency;
			productRef = B3C2F5122CBED9B2000C5D49 /* web3-zksync.swift */;
		};
/* End PBXTargetDependency section */

/* Begin XCBuildConfiguration section */
		B30A876C2CB4DA680048EB68 /* Debug */ = {
			isa = XCBuildConfiguration;
			buildSettings = {
				ALWAYS_SEARCH_USER_PATHS = NO;
				ASSETCATALOG_COMPILER_GENERATE_SWIFT_ASSET_SYMBOL_EXTENSIONS = YES;
				CLANG_ANALYZER_NONNULL = YES;
				CLANG_ANALYZER_NUMBER_OBJECT_CONVERSION = YES_AGGRESSIVE;
				CLANG_CXX_LANGUAGE_STANDARD = "gnu++20";
				CLANG_ENABLE_MODULES = YES;
				CLANG_ENABLE_OBJC_ARC = YES;
				CLANG_ENABLE_OBJC_WEAK = YES;
				CLANG_WARN_BLOCK_CAPTURE_AUTORELEASING = YES;
				CLANG_WARN_BOOL_CONVERSION = YES;
				CLANG_WARN_COMMA = YES;
				CLANG_WARN_CONSTANT_CONVERSION = YES;
				CLANG_WARN_DEPRECATED_OBJC_IMPLEMENTATIONS = YES;
				CLANG_WARN_DIRECT_OBJC_ISA_USAGE = YES_ERROR;
				CLANG_WARN_DOCUMENTATION_COMMENTS = YES;
				CLANG_WARN_EMPTY_BODY = YES;
				CLANG_WARN_ENUM_CONVERSION = YES;
				CLANG_WARN_INFINITE_RECURSION = YES;
				CLANG_WARN_INT_CONVERSION = YES;
				CLANG_WARN_NON_LITERAL_NULL_CONVERSION = YES;
				CLANG_WARN_OBJC_IMPLICIT_RETAIN_SELF = YES;
				CLANG_WARN_OBJC_LITERAL_CONVERSION = YES;
				CLANG_WARN_OBJC_ROOT_CLASS = YES_ERROR;
				CLANG_WARN_QUOTED_INCLUDE_IN_FRAMEWORK_HEADER = YES;
				CLANG_WARN_RANGE_LOOP_ANALYSIS = YES;
				CLANG_WARN_STRICT_PROTOTYPES = YES;
				CLANG_WARN_SUSPICIOUS_MOVE = YES;
				CLANG_WARN_UNGUARDED_AVAILABILITY = YES_AGGRESSIVE;
				CLANG_WARN_UNREACHABLE_CODE = YES;
				CLANG_WARN__DUPLICATE_METHOD_MATCH = YES;
				COPY_PHASE_STRIP = NO;
				CURRENT_PROJECT_VERSION = 1;
				DEBUG_INFORMATION_FORMAT = dwarf;
				ENABLE_STRICT_OBJC_MSGSEND = YES;
				ENABLE_TESTABILITY = YES;
				ENABLE_USER_SCRIPT_SANDBOXING = YES;
				GCC_C_LANGUAGE_STANDARD = gnu17;
				GCC_DYNAMIC_NO_PIC = NO;
				GCC_NO_COMMON_BLOCKS = YES;
				GCC_OPTIMIZATION_LEVEL = 0;
				GCC_PREPROCESSOR_DEFINITIONS = (
					"DEBUG=1",
					"$(inherited)",
				);
				GCC_WARN_64_TO_32_BIT_CONVERSION = YES;
				GCC_WARN_ABOUT_RETURN_TYPE = YES_ERROR;
				GCC_WARN_UNDECLARED_SELECTOR = YES;
				GCC_WARN_UNINITIALIZED_AUTOS = YES_AGGRESSIVE;
				GCC_WARN_UNUSED_FUNCTION = YES;
				GCC_WARN_UNUSED_VARIABLE = YES;
				LOCALIZATION_PREFERS_STRING_CATALOGS = YES;
				MTL_ENABLE_DEBUG_INFO = INCLUDE_SOURCE;
				MTL_FAST_MATH = YES;
				ONLY_ACTIVE_ARCH = YES;
				SWIFT_ACTIVE_COMPILATION_CONDITIONS = "DEBUG $(inherited)";
				SWIFT_OPTIMIZATION_LEVEL = "-Onone";
				VERSIONING_SYSTEM = "apple-generic";
				VERSION_INFO_PREFIX = "";
			};
			name = Debug;
		};
		B30A876D2CB4DA680048EB68 /* Release */ = {
			isa = XCBuildConfiguration;
			buildSettings = {
				ALWAYS_SEARCH_USER_PATHS = NO;
				ASSETCATALOG_COMPILER_GENERATE_SWIFT_ASSET_SYMBOL_EXTENSIONS = YES;
				CLANG_ANALYZER_NONNULL = YES;
				CLANG_ANALYZER_NUMBER_OBJECT_CONVERSION = YES_AGGRESSIVE;
				CLANG_CXX_LANGUAGE_STANDARD = "gnu++20";
				CLANG_ENABLE_MODULES = YES;
				CLANG_ENABLE_OBJC_ARC = YES;
				CLANG_ENABLE_OBJC_WEAK = YES;
				CLANG_WARN_BLOCK_CAPTURE_AUTORELEASING = YES;
				CLANG_WARN_BOOL_CONVERSION = YES;
				CLANG_WARN_COMMA = YES;
				CLANG_WARN_CONSTANT_CONVERSION = YES;
				CLANG_WARN_DEPRECATED_OBJC_IMPLEMENTATIONS = YES;
				CLANG_WARN_DIRECT_OBJC_ISA_USAGE = YES_ERROR;
				CLANG_WARN_DOCUMENTATION_COMMENTS = YES;
				CLANG_WARN_EMPTY_BODY = YES;
				CLANG_WARN_ENUM_CONVERSION = YES;
				CLANG_WARN_INFINITE_RECURSION = YES;
				CLANG_WARN_INT_CONVERSION = YES;
				CLANG_WARN_NON_LITERAL_NULL_CONVERSION = YES;
				CLANG_WARN_OBJC_IMPLICIT_RETAIN_SELF = YES;
				CLANG_WARN_OBJC_LITERAL_CONVERSION = YES;
				CLANG_WARN_OBJC_ROOT_CLASS = YES_ERROR;
				CLANG_WARN_QUOTED_INCLUDE_IN_FRAMEWORK_HEADER = YES;
				CLANG_WARN_RANGE_LOOP_ANALYSIS = YES;
				CLANG_WARN_STRICT_PROTOTYPES = YES;
				CLANG_WARN_SUSPICIOUS_MOVE = YES;
				CLANG_WARN_UNGUARDED_AVAILABILITY = YES_AGGRESSIVE;
				CLANG_WARN_UNREACHABLE_CODE = YES;
				CLANG_WARN__DUPLICATE_METHOD_MATCH = YES;
				COPY_PHASE_STRIP = NO;
				CURRENT_PROJECT_VERSION = 1;
				DEBUG_INFORMATION_FORMAT = "dwarf-with-dsym";
				ENABLE_NS_ASSERTIONS = NO;
				ENABLE_STRICT_OBJC_MSGSEND = YES;
				ENABLE_USER_SCRIPT_SANDBOXING = YES;
				GCC_C_LANGUAGE_STANDARD = gnu17;
				GCC_NO_COMMON_BLOCKS = YES;
				GCC_WARN_64_TO_32_BIT_CONVERSION = YES;
				GCC_WARN_ABOUT_RETURN_TYPE = YES_ERROR;
				GCC_WARN_UNDECLARED_SELECTOR = YES;
				GCC_WARN_UNINITIALIZED_AUTOS = YES_AGGRESSIVE;
				GCC_WARN_UNUSED_FUNCTION = YES;
				GCC_WARN_UNUSED_VARIABLE = YES;
				LOCALIZATION_PREFERS_STRING_CATALOGS = YES;
				MTL_ENABLE_DEBUG_INFO = NO;
				MTL_FAST_MATH = YES;
				SWIFT_COMPILATION_MODE = wholemodule;
				VERSIONING_SYSTEM = "apple-generic";
				VERSION_INFO_PREFIX = "";
			};
			name = Release;
		};
		B30A876F2CB4DA680048EB68 /* Debug */ = {
			isa = XCBuildConfiguration;
			buildSettings = {
				ALLOW_TARGET_PLATFORM_SPECIALIZATION = NO;
				BUILD_LIBRARY_FOR_DISTRIBUTION = YES;
				CLANG_ENABLE_MODULES = YES;
				CODE_SIGN_STYLE = Automatic;
				CURRENT_PROJECT_VERSION = 1;
				DEFINES_MODULE = YES;
				DYLIB_COMPATIBILITY_VERSION = 1;
				DYLIB_CURRENT_VERSION = 1;
				DYLIB_INSTALL_NAME_BASE = "@rpath";
				ENABLE_MODULE_VERIFIER = YES;
				"EXCLUDED_ARCHS[sdk=*]" = "";
				GENERATE_INFOPLIST_FILE = YES;
				INFOPLIST_KEY_NSHumanReadableCopyright = "";
				INSTALL_PATH = "$(LOCAL_LIBRARY_DIR)/Frameworks";
				IPHONEOS_DEPLOYMENT_TARGET = 17.4;
				LD_RUNPATH_SEARCH_PATHS = (
					"@executable_path/Frameworks",
					"@loader_path/Frameworks",
				);
				"LD_RUNPATH_SEARCH_PATHS[sdk=macosx*]" = (
					"@executable_path/../Frameworks",
					"@loader_path/Frameworks",
				);
				MACOSX_DEPLOYMENT_TARGET = 14.5;
				MARKETING_VERSION = 1.0;
				MODULE_VERIFIER_SUPPORTED_LANGUAGES = "objective-c objective-c++";
				MODULE_VERIFIER_SUPPORTED_LANGUAGE_STANDARDS = "gnu17 gnu++20";
				ONLY_ACTIVE_ARCH = NO;
				PRODUCT_BUNDLE_IDENTIFIER = "conet.conet-libs";
				PRODUCT_NAME = "$(TARGET_NAME:c99extidentifier)";
				SDKROOT = iphoneos;
				SKIP_INSTALL = YES;
				SUPPORTED_PLATFORMS = "iphonesimulator iphoneos";
				SWIFT_EMIT_LOC_STRINGS = YES;
				SWIFT_INSTALL_OBJC_HEADER = NO;
				SWIFT_OPTIMIZATION_LEVEL = "-Onone";
				SWIFT_VERSION = 5.0;
				TARGETED_DEVICE_FAMILY = "1,2";
			};
			name = Debug;
		};
		B30A87702CB4DA680048EB68 /* Release */ = {
			isa = XCBuildConfiguration;
			buildSettings = {
				ALLOW_TARGET_PLATFORM_SPECIALIZATION = NO;
				BUILD_LIBRARY_FOR_DISTRIBUTION = YES;
				CLANG_ENABLE_MODULES = YES;
				CODE_SIGN_STYLE = Automatic;
				CURRENT_PROJECT_VERSION = 1;
				DEFINES_MODULE = YES;
				DYLIB_COMPATIBILITY_VERSION = 1;
				DYLIB_CURRENT_VERSION = 1;
				DYLIB_INSTALL_NAME_BASE = "@rpath";
				ENABLE_MODULE_VERIFIER = YES;
				"EXCLUDED_ARCHS[sdk=*]" = "";
				GENERATE_INFOPLIST_FILE = YES;
				INFOPLIST_KEY_NSHumanReadableCopyright = "";
				INSTALL_PATH = "$(LOCAL_LIBRARY_DIR)/Frameworks";
				IPHONEOS_DEPLOYMENT_TARGET = 17.4;
				LD_RUNPATH_SEARCH_PATHS = (
					"@executable_path/Frameworks",
					"@loader_path/Frameworks",
				);
				"LD_RUNPATH_SEARCH_PATHS[sdk=macosx*]" = (
					"@executable_path/../Frameworks",
					"@loader_path/Frameworks",
				);
				MACOSX_DEPLOYMENT_TARGET = 14.5;
				MARKETING_VERSION = 1.0;
				MODULE_VERIFIER_SUPPORTED_LANGUAGES = "objective-c objective-c++";
				MODULE_VERIFIER_SUPPORTED_LANGUAGE_STANDARDS = "gnu17 gnu++20";
				ONLY_ACTIVE_ARCH = NO;
				PRODUCT_BUNDLE_IDENTIFIER = "conet.conet-libs";
				PRODUCT_NAME = "$(TARGET_NAME:c99extidentifier)";
				SDKROOT = iphoneos;
				SKIP_INSTALL = YES;
				SUPPORTED_PLATFORMS = "iphonesimulator iphoneos";
				SWIFT_EMIT_LOC_STRINGS = YES;
				SWIFT_INSTALL_OBJC_HEADER = NO;
				SWIFT_VERSION = 5.0;
				TARGETED_DEVICE_FAMILY = "1,2";
			};
			name = Release;
		};
/* End XCBuildConfiguration section */

/* Begin XCConfigurationList section */
		B30A87612CB4DA680048EB68 /* Build configuration list for PBXProject "conet_libs" */ = {
			isa = XCConfigurationList;
			buildConfigurations = (
				B30A876C2CB4DA680048EB68 /* Debug */,
				B30A876D2CB4DA680048EB68 /* Release */,
			);
			defaultConfigurationIsVisible = 0;
			defaultConfigurationName = Release;
		};
		B30A876E2CB4DA680048EB68 /* Build configuration list for PBXNativeTarget "conet_libs" */ = {
			isa = XCConfigurationList;
			buildConfigurations = (
				B30A876F2CB4DA680048EB68 /* Debug */,
				B30A87702CB4DA680048EB68 /* Release */,
			);
			defaultConfigurationIsVisible = 0;
			defaultConfigurationName = Release;
		};
/* End XCConfigurationList section */

/* Begin XCRemoteSwiftPackageReference section */
		B363D1492CC1445100CD67FB /* XCRemoteSwiftPackageReference "ObjectivePGP" */ = {
			isa = XCRemoteSwiftPackageReference;
			repositoryURL = "https://github.com/krzyzanowskim/ObjectivePGP.git";
			requirement = {
				kind = upToNextMajorVersion;
				minimumVersion = 1.0.0;
			};
		};
		B37253CE2CB5E10C002E4102 /* XCRemoteSwiftPackageReference "web3.swift" */ = {
			isa = XCRemoteSwiftPackageReference;
			repositoryURL = "https://github.com/argentlabs/web3.swift.git";
			requirement = {
				kind = upToNextMajorVersion;
				minimumVersion = 1.6.1;
			};
		};
		B37253D72CB5E8CD002E4102 /* XCRemoteSwiftPackageReference "swift-nio" */ = {
			isa = XCRemoteSwiftPackageReference;
			repositoryURL = "https://github.com/apple/swift-nio.git";
			requirement = {
				kind = upToNextMajorVersion;
				minimumVersion = 2.74.0;
			};
		};
		B37253DE2CB6AE2A002E4102 /* XCRemoteSwiftPackageReference "swift-atomics" */ = {
			isa = XCRemoteSwiftPackageReference;
			repositoryURL = "https://github.com/apple/swift-atomics.git";
			requirement = {
				kind = upToNextMajorVersion;
				minimumVersion = 1.2.0;
			};
		};
		B3C2F5142CBEDA99000C5D49 /* XCRemoteSwiftPackageReference "swift-nio-ssl" */ = {
			isa = XCRemoteSwiftPackageReference;
			repositoryURL = "https://github.com/apple/swift-nio-ssl.git";
			requirement = {
				kind = upToNextMajorVersion;
				minimumVersion = 2.28.0;
			};
		};
		B3FE76E72CB8318800721D62 /* XCRemoteSwiftPackageReference "wallet-core" */ = {
			isa = XCRemoteSwiftPackageReference;
			repositoryURL = "https://github.com/trustwallet/wallet-core";
			requirement = {
				kind = upToNextMajorVersion;
				minimumVersion = 4.1.10;
			};
		};
/* End XCRemoteSwiftPackageReference section */

/* Begin XCSwiftPackageProductDependency section */
		B363D14A2CC1445100CD67FB /* ObjectivePGP */ = {
			isa = XCSwiftPackageProductDependency;
			package = B363D1492CC1445100CD67FB /* XCRemoteSwiftPackageReference "ObjectivePGP" */;
			productName = ObjectivePGP;
		};
		B363D14C2CC16F6B00CD67FB /* web3-zksync.swift */ = {
			isa = XCSwiftPackageProductDependency;
			productName = "web3-zksync.swift";
		};
		B363D14E2CC16F6B00CD67FB /* web3.swift */ = {
			isa = XCSwiftPackageProductDependency;
			productName = web3.swift;
		};
		B3C2F5102CBED9AF000C5D49 /* web3.swift */ = {
			isa = XCSwiftPackageProductDependency;
			package = B37253CE2CB5E10C002E4102 /* XCRemoteSwiftPackageReference "web3.swift" */;
			productName = web3.swift;
		};
		B3C2F5122CBED9B2000C5D49 /* web3-zksync.swift */ = {
			isa = XCSwiftPackageProductDependency;
			package = B37253CE2CB5E10C002E4102 /* XCRemoteSwiftPackageReference "web3.swift" */;
			productName = "web3-zksync.swift";
		};
		B3C2F5322CBEDDD3000C5D49 /* Atomics */ = {
			isa = XCSwiftPackageProductDependency;
			package = B37253DE2CB6AE2A002E4102 /* XCRemoteSwiftPackageReference "swift-atomics" */;
			productName = Atomics;
		};
		B3C2F5342CBEDEA2000C5D49 /* _NIOConcurrency */ = {
			isa = XCSwiftPackageProductDependency;
			package = B37253D72CB5E8CD002E4102 /* XCRemoteSwiftPackageReference "swift-nio" */;
			productName = _NIOConcurrency;
		};
		B3C2F5362CBEDEA2000C5D49 /* _NIOFileSystem */ = {
			isa = XCSwiftPackageProductDependency;
			package = B37253D72CB5E8CD002E4102 /* XCRemoteSwiftPackageReference "swift-nio" */;
			productName = _NIOFileSystem;
		};
		B3C2F5382CBEDEA2000C5D49 /* _NIOFileSystemFoundationCompat */ = {
			isa = XCSwiftPackageProductDependency;
			package = B37253D72CB5E8CD002E4102 /* XCRemoteSwiftPackageReference "swift-nio" */;
			productName = _NIOFileSystemFoundationCompat;
		};
		B3C2F53A2CBEDEA2000C5D49 /* NIO */ = {
			isa = XCSwiftPackageProductDependency;
			package = B37253D72CB5E8CD002E4102 /* XCRemoteSwiftPackageReference "swift-nio" */;
			productName = NIO;
		};
		B3C2F53C2CBEDEA2000C5D49 /* NIOConcurrencyHelpers */ = {
			isa = XCSwiftPackageProductDependency;
			package = B37253D72CB5E8CD002E4102 /* XCRemoteSwiftPackageReference "swift-nio" */;
			productName = NIOConcurrencyHelpers;
		};
		B3C2F53E2CBEDEA2000C5D49 /* NIOCore */ = {
			isa = XCSwiftPackageProductDependency;
			package = B37253D72CB5E8CD002E4102 /* XCRemoteSwiftPackageReference "swift-nio" */;
			productName = NIOCore;
		};
		B3C2F5402CBEDEA2000C5D49 /* NIOEmbedded */ = {
			isa = XCSwiftPackageProductDependency;
			package = B37253D72CB5E8CD002E4102 /* XCRemoteSwiftPackageReference "swift-nio" */;
			productName = NIOEmbedded;
		};
		B3C2F5422CBEDEA2000C5D49 /* NIOFoundationCompat */ = {
			isa = XCSwiftPackageProductDependency;
			package = B37253D72CB5E8CD002E4102 /* XCRemoteSwiftPackageReference "swift-nio" */;
			productName = NIOFoundationCompat;
		};
		B3C2F5442CBEDEA2000C5D49 /* NIOHTTP1 */ = {
			isa = XCSwiftPackageProductDependency;
			package = B37253D72CB5E8CD002E4102 /* XCRemoteSwiftPackageReference "swift-nio" */;
			productName = NIOHTTP1;
		};
		B3C2F5462CBEDEA3000C5D49 /* NIOPosix */ = {
			isa = XCSwiftPackageProductDependency;
			package = B37253D72CB5E8CD002E4102 /* XCRemoteSwiftPackageReference "swift-nio" */;
			productName = NIOPosix;
		};
		B3C2F5482CBEDEA3000C5D49 /* NIOTestUtils */ = {
			isa = XCSwiftPackageProductDependency;
			package = B37253D72CB5E8CD002E4102 /* XCRemoteSwiftPackageReference "swift-nio" */;
			productName = NIOTestUtils;
		};
		B3C2F54A2CBEDEA3000C5D49 /* NIOTLS */ = {
			isa = XCSwiftPackageProductDependency;
			package = B37253D72CB5E8CD002E4102 /* XCRemoteSwiftPackageReference "swift-nio" */;
			productName = NIOTLS;
		};
		B3C2F54C2CBEDEA3000C5D49 /* NIOWebSocket */ = {
			isa = XCSwiftPackageProductDependency;
			package = B37253D72CB5E8CD002E4102 /* XCRemoteSwiftPackageReference "swift-nio" */;
			productName = NIOWebSocket;
		};
		B3FE76E82CB8318800721D62 /* SwiftProtobuf */ = {
			isa = XCSwiftPackageProductDependency;
			package = B3FE76E72CB8318800721D62 /* XCRemoteSwiftPackageReference "wallet-core" */;
			productName = SwiftProtobuf;
		};
		B3FE76EA2CB8318800721D62 /* WalletCore */ = {
			isa = XCSwiftPackageProductDependency;
			package = B3FE76E72CB8318800721D62 /* XCRemoteSwiftPackageReference "wallet-core" */;
			productName = WalletCore;
		};
/* End XCSwiftPackageProductDependency section */
	};
	rootObject = B30A875E2CB4DA680048EB68 /* Project object */;
}
